// !$*UTF8*$!
{
	archiveVersion = 1;
	classes = {
	};
	objectVersion = 56;
	objects = {

/* Begin PBXBuildFile section */
		52DA284C292DF7C800E3118C /* UIImageview+Extension.swift in Sources */ = {isa = PBXBuildFile; fileRef = 52DA284B292DF7C800E3118C /* UIImageview+Extension.swift */; };
		52E6DA02292DECB700A34AB1 /* CharacterDetailsVC.swift in Sources */ = {isa = PBXBuildFile; fileRef = 52E6DA01292DECB700A34AB1 /* CharacterDetailsVC.swift */; };
		52ECE968292C804100DABF7C /* AppDelegate.swift in Sources */ = {isa = PBXBuildFile; fileRef = 52ECE967292C804100DABF7C /* AppDelegate.swift */; };
		52ECE96A292C804100DABF7C /* SceneDelegate.swift in Sources */ = {isa = PBXBuildFile; fileRef = 52ECE969292C804100DABF7C /* SceneDelegate.swift */; };
		52ECE96F292C804100DABF7C /* Main.storyboard in Resources */ = {isa = PBXBuildFile; fileRef = 52ECE96D292C804100DABF7C /* Main.storyboard */; };
		52ECE971292C804400DABF7C /* Assets.xcassets in Resources */ = {isa = PBXBuildFile; fileRef = 52ECE970292C804400DABF7C /* Assets.xcassets */; };
		52ECE974292C804400DABF7C /* LaunchScreen.storyboard in Resources */ = {isa = PBXBuildFile; fileRef = 52ECE972292C804400DABF7C /* LaunchScreen.storyboard */; };
		52ECE97D292C809000DABF7C /* NetworkService.swift in Sources */ = {isa = PBXBuildFile; fileRef = 52ECE97C292C809000DABF7C /* NetworkService.swift */; };
		52ECE988292C87B800DABF7C /* CharacterTVC.xib in Resources */ = {isa = PBXBuildFile; fileRef = 52ECE986292C87B800DABF7C /* CharacterTVC.xib */; };
		52ECE989292C87B800DABF7C /* CharacterTVC.swift in Sources */ = {isa = PBXBuildFile; fileRef = 52ECE987292C87B800DABF7C /* CharacterTVC.swift */; };
		52ECE98C292C8C7A00DABF7C /* CharactersVC.swift in Sources */ = {isa = PBXBuildFile; fileRef = 52ECE98B292C8C7A00DABF7C /* CharactersVC.swift */; };
		52ECE998292C938D00DABF7C /* CharacterModel.swift in Sources */ = {isa = PBXBuildFile; fileRef = 52ECE997292C938D00DABF7C /* CharacterModel.swift */; };
		52ECE99A292C954C00DABF7C /* CharacterModelView.swift in Sources */ = {isa = PBXBuildFile; fileRef = 52ECE999292C954C00DABF7C /* CharacterModelView.swift */; };
		52ECE99D292CAC3500DABF7C /* NSObject+Extension.swift in Sources */ = {isa = PBXBuildFile; fileRef = 52ECE99C292CAC3500DABF7C /* NSObject+Extension.swift */; };
/* End PBXBuildFile section */

/* Begin PBXFileReference section */
		52DA284B292DF7C800E3118C /* UIImageview+Extension.swift */ = {isa = PBXFileReference; lastKnownFileType = sourcecode.swift; path = "UIImageview+Extension.swift"; sourceTree = "<group>"; };
		52E6DA01292DECB700A34AB1 /* CharacterDetailsVC.swift */ = {isa = PBXFileReference; lastKnownFileType = sourcecode.swift; path = CharacterDetailsVC.swift; sourceTree = "<group>"; };
		52ECE964292C804100DABF7C /* RMApp.app */ = {isa = PBXFileReference; explicitFileType = wrapper.application; includeInIndex = 0; path = RMApp.app; sourceTree = BUILT_PRODUCTS_DIR; };
		52ECE967292C804100DABF7C /* AppDelegate.swift */ = {isa = PBXFileReference; lastKnownFileType = sourcecode.swift; path = AppDelegate.swift; sourceTree = "<group>"; };
		52ECE969292C804100DABF7C /* SceneDelegate.swift */ = {isa = PBXFileReference; lastKnownFileType = sourcecode.swift; path = SceneDelegate.swift; sourceTree = "<group>"; };
		52ECE96E292C804100DABF7C /* Base */ = {isa = PBXFileReference; lastKnownFileType = file.storyboard; name = Base; path = Base.lproj/Main.storyboard; sourceTree = "<group>"; };
		52ECE970292C804400DABF7C /* Assets.xcassets */ = {isa = PBXFileReference; lastKnownFileType = folder.assetcatalog; path = Assets.xcassets; sourceTree = "<group>"; };
		52ECE973292C804400DABF7C /* Base */ = {isa = PBXFileReference; lastKnownFileType = file.storyboard; name = Base; path = Base.lproj/LaunchScreen.storyboard; sourceTree = "<group>"; };
		52ECE975292C804400DABF7C /* Info.plist */ = {isa = PBXFileReference; lastKnownFileType = text.plist.xml; path = Info.plist; sourceTree = "<group>"; };
		52ECE97C292C809000DABF7C /* NetworkService.swift */ = {isa = PBXFileReference; lastKnownFileType = sourcecode.swift; path = NetworkService.swift; sourceTree = "<group>"; };
		52ECE986292C87B800DABF7C /* CharacterTVC.xib */ = {isa = PBXFileReference; fileEncoding = 4; lastKnownFileType = file.xib; path = CharacterTVC.xib; sourceTree = "<group>"; };
		52ECE987292C87B800DABF7C /* CharacterTVC.swift */ = {isa = PBXFileReference; fileEncoding = 4; lastKnownFileType = sourcecode.swift; path = CharacterTVC.swift; sourceTree = "<group>"; };
		52ECE98B292C8C7A00DABF7C /* CharactersVC.swift */ = {isa = PBXFileReference; fileEncoding = 4; lastKnownFileType = sourcecode.swift; path = CharactersVC.swift; sourceTree = "<group>"; };
		52ECE997292C938D00DABF7C /* CharacterModel.swift */ = {isa = PBXFileReference; lastKnownFileType = sourcecode.swift; path = CharacterModel.swift; sourceTree = "<group>"; };
		52ECE999292C954C00DABF7C /* CharacterModelView.swift */ = {isa = PBXFileReference; lastKnownFileType = sourcecode.swift; path = CharacterModelView.swift; sourceTree = "<group>"; };
		52ECE99C292CAC3500DABF7C /* NSObject+Extension.swift */ = {isa = PBXFileReference; lastKnownFileType = sourcecode.swift; path = "NSObject+Extension.swift"; sourceTree = "<group>"; };
/* End PBXFileReference section */

/* Begin PBXFrameworksBuildPhase section */
		52ECE961292C804100DABF7C /* Frameworks */ = {
			isa = PBXFrameworksBuildPhase;
			buildActionMask = 2147483647;
			files = (
			);
			runOnlyForDeploymentPostprocessing = 0;
		};
/* End PBXFrameworksBuildPhase section */

/* Begin PBXGroup section */
		52E6DA00292DEC8E00A34AB1 /* CharacterDetailsVC */ = {
			isa = PBXGroup;
			children = (
				52E6DA01292DECB700A34AB1 /* CharacterDetailsVC.swift */,
			);
			path = CharacterDetailsVC;
			sourceTree = "<group>";
		};
		52ECE95B292C804100DABF7C = {
			isa = PBXGroup;
			children = (
				52ECE966292C804100DABF7C /* RMApp */,
				52ECE965292C804100DABF7C /* Products */,
			);
			sourceTree = "<group>";
		};
		52ECE965292C804100DABF7C /* Products */ = {
			isa = PBXGroup;
			children = (
				52ECE964292C804100DABF7C /* RMApp.app */,
			);
			name = Products;
			sourceTree = "<group>";
		};
		52ECE966292C804100DABF7C /* RMApp */ = {
			isa = PBXGroup;
			children = (
				52ECE975292C804400DABF7C /* Info.plist */,
				52ECE99B292CABFC00DABF7C /* Extensions */,
				52ECE996292C8EC800DABF7C /* ModelView */,
				52ECE994292C8EB200DABF7C /* Model */,
				52ECE982292C878500DABF7C /* AppDelegate */,
				52ECE981292C877700DABF7C /* Assets */,
				52ECE983292C87B800DABF7C /* CustomViews */,
				52ECE980292C876300DABF7C /* Controllers */,
				52ECE97F292C873F00DABF7C /* Storyboards */,
				52ECE97B292C806F00DABF7C /* Services */,
			);
			path = RMApp;
			sourceTree = "<group>";
		};
		52ECE97B292C806F00DABF7C /* Services */ = {
			isa = PBXGroup;
			children = (
				52ECE97C292C809000DABF7C /* NetworkService.swift */,
			);
			path = Services;
			sourceTree = "<group>";
		};
		52ECE97F292C873F00DABF7C /* Storyboards */ = {
			isa = PBXGroup;
			children = (
				52ECE972292C804400DABF7C /* LaunchScreen.storyboard */,
				52ECE96D292C804100DABF7C /* Main.storyboard */,
			);
			path = Storyboards;
			sourceTree = "<group>";
		};
		52ECE980292C876300DABF7C /* Controllers */ = {
			isa = PBXGroup;
			children = (
				52E6DA00292DEC8E00A34AB1 /* CharacterDetailsVC */,
				52ECE98A292C8C7A00DABF7C /* CharactersVC */,
			);
			path = Controllers;
			sourceTree = "<group>";
		};
		52ECE981292C877700DABF7C /* Assets */ = {
			isa = PBXGroup;
			children = (
				52ECE970292C804400DABF7C /* Assets.xcassets */,
			);
			path = Assets;
			sourceTree = "<group>";
		};
		52ECE982292C878500DABF7C /* AppDelegate */ = {
			isa = PBXGroup;
			children = (
				52ECE967292C804100DABF7C /* AppDelegate.swift */,
				52ECE969292C804100DABF7C /* SceneDelegate.swift */,
			);
			path = AppDelegate;
			sourceTree = "<group>";
		};
		52ECE983292C87B800DABF7C /* CustomViews */ = {
			isa = PBXGroup;
			children = (
				52ECE984292C87B800DABF7C /* TableViewCells */,
			);
			path = CustomViews;
			sourceTree = "<group>";
		};
		52ECE984292C87B800DABF7C /* TableViewCells */ = {
			isa = PBXGroup;
			children = (
				52ECE985292C87B800DABF7C /* CharacterTVC */,
			);
			path = TableViewCells;
			sourceTree = "<group>";
		};
		52ECE985292C87B800DABF7C /* CharacterTVC */ = {
			isa = PBXGroup;
			children = (
				52ECE986292C87B800DABF7C /* CharacterTVC.xib */,
				52ECE987292C87B800DABF7C /* CharacterTVC.swift */,
			);
			path = CharacterTVC;
			sourceTree = "<group>";
		};
		52ECE98A292C8C7A00DABF7C /* CharactersVC */ = {
			isa = PBXGroup;
			children = (
				52ECE98B292C8C7A00DABF7C /* CharactersVC.swift */,
			);
			path = CharactersVC;
			sourceTree = "<group>";
		};
		52ECE994292C8EB200DABF7C /* Model */ = {
			isa = PBXGroup;
			children = (
				52ECE997292C938D00DABF7C /* CharacterModel.swift */,
			);
			path = Model;
			sourceTree = "<group>";
		};
		52ECE996292C8EC800DABF7C /* ModelView */ = {
			isa = PBXGroup;
			children = (
				52ECE999292C954C00DABF7C /* CharacterModelView.swift */,
			);
			path = ModelView;
			sourceTree = "<group>";
		};
		52ECE99B292CABFC00DABF7C /* Extensions */ = {
			isa = PBXGroup;
			children = (
				52ECE99C292CAC3500DABF7C /* NSObject+Extension.swift */,
				52DA284B292DF7C800E3118C /* UIImageview+Extension.swift */,
			);
			path = Extensions;
			sourceTree = "<group>";
		};
/* End PBXGroup section */

/* Begin PBXNativeTarget section */
		52ECE963292C804100DABF7C /* RMApp */ = {
			isa = PBXNativeTarget;
			buildConfigurationList = 52ECE978292C804400DABF7C /* Build configuration list for PBXNativeTarget "RMApp" */;
			buildPhases = (
				52ECE960292C804100DABF7C /* Sources */,
				52ECE961292C804100DABF7C /* Frameworks */,
				52ECE962292C804100DABF7C /* Resources */,
			);
			buildRules = (
			);
			dependencies = (
			);
			name = RMApp;
			packageProductDependencies = (
			);
			productName = RMApp;
			productReference = 52ECE964292C804100DABF7C /* RMApp.app */;
			productType = "com.apple.product-type.application";
		};
/* End PBXNativeTarget section */

/* Begin PBXProject section */
		52ECE95C292C804100DABF7C /* Project object */ = {
			isa = PBXProject;
			attributes = {
				BuildIndependentTargetsInParallel = 1;
				LastSwiftUpdateCheck = 1410;
				LastUpgradeCheck = 1410;
				TargetAttributes = {
					52ECE963292C804100DABF7C = {
						CreatedOnToolsVersion = 14.1;
					};
				};
			};
			buildConfigurationList = 52ECE95F292C804100DABF7C /* Build configuration list for PBXProject "RMApp" */;
			compatibilityVersion = "Xcode 14.0";
			developmentRegion = en;
			hasScannedForEncodings = 0;
			knownRegions = (
				en,
				Base,
			);
			mainGroup = 52ECE95B292C804100DABF7C;
			packageReferences = (
			);
			productRefGroup = 52ECE965292C804100DABF7C /* Products */;
			projectDirPath = "";
			projectRoot = "";
			targets = (
				52ECE963292C804100DABF7C /* RMApp */,
			);
		};
/* End PBXProject section */

/* Begin PBXResourcesBuildPhase section */
		52ECE962292C804100DABF7C /* Resources */ = {
			isa = PBXResourcesBuildPhase;
			buildActionMask = 2147483647;
			files = (
				52ECE974292C804400DABF7C /* LaunchScreen.storyboard in Resources */,
				52ECE971292C804400DABF7C /* Assets.xcassets in Resources */,
				52ECE96F292C804100DABF7C /* Main.storyboard in Resources */,
				52ECE988292C87B800DABF7C /* CharacterTVC.xib in Resources */,
			);
			runOnlyForDeploymentPostprocessing = 0;
		};
/* End PBXResourcesBuildPhase section */

/* Begin PBXSourcesBuildPhase section */
		52ECE960292C804100DABF7C /* Sources */ = {
			isa = PBXSourcesBuildPhase;
			buildActionMask = 2147483647;
			files = (
				52ECE968292C804100DABF7C /* AppDelegate.swift in Sources */,
				52ECE98C292C8C7A00DABF7C /* CharactersVC.swift in Sources */,
				52ECE97D292C809000DABF7C /* NetworkService.swift in Sources */,
				52ECE998292C938D00DABF7C /* CharacterModel.swift in Sources */,
				52ECE99A292C954C00DABF7C /* CharacterModelView.swift in Sources */,
				52ECE989292C87B800DABF7C /* CharacterTVC.swift in Sources */,
				52E6DA02292DECB700A34AB1 /* CharacterDetailsVC.swift in Sources */,
				52DA284C292DF7C800E3118C /* UIImageview+Extension.swift in Sources */,
				52ECE96A292C804100DABF7C /* SceneDelegate.swift in Sources */,
				52ECE99D292CAC3500DABF7C /* NSObject+Extension.swift in Sources */,
			);
			runOnlyForDeploymentPostprocessing = 0;
		};
/* End PBXSourcesBuildPhase section */

/* Begin PBXVariantGroup section */
		52ECE96D292C804100DABF7C /* Main.storyboard */ = {
			isa = PBXVariantGroup;
			children = (
				52ECE96E292C804100DABF7C /* Base */,
			);
			name = Main.storyboard;
			sourceTree = "<group>";
		};
		52ECE972292C804400DABF7C /* LaunchScreen.storyboard */ = {
			isa = PBXVariantGroup;
			children = (
				52ECE973292C804400DABF7C /* Base */,
			);
			name = LaunchScreen.storyboard;
			sourceTree = "<group>";
		};
/* End PBXVariantGroup section */

/* Begin XCBuildConfiguration section */
		52ECE976292C804400DABF7C /* Debug */ = {
			isa = XCBuildConfiguration;
			buildSettings = {
				ALWAYS_SEARCH_USER_PATHS = NO;
				CLANG_ANALYZER_NONNULL = YES;
				CLANG_ANALYZER_NUMBER_OBJECT_CONVERSION = YES_AGGRESSIVE;
				CLANG_CXX_LANGUAGE_STANDARD = "gnu++20";
				CLANG_ENABLE_MODULES = YES;
				CLANG_ENABLE_OBJC_ARC = YES;
				CLANG_ENABLE_OBJC_WEAK = YES;
				CLANG_WARN_BLOCK_CAPTURE_AUTORELEASING = YES;
				CLANG_WARN_BOOL_CONVERSION = YES;
				CLANG_WARN_COMMA = YES;
				CLANG_WARN_CONSTANT_CONVERSION = YES;
				CLANG_WARN_DEPRECATED_OBJC_IMPLEMENTATIONS = YES;
				CLANG_WARN_DIRECT_OBJC_ISA_USAGE = YES_ERROR;
				CLANG_WARN_DOCUMENTATION_COMMENTS = YES;
				CLANG_WARN_EMPTY_BODY = YES;
				CLANG_WARN_ENUM_CONVERSION = YES;
				CLANG_WARN_INFINITE_RECURSION = YES;
				CLANG_WARN_INT_CONVERSION = YES;
				CLANG_WARN_NON_LITERAL_NULL_CONVERSION = YES;
				CLANG_WARN_OBJC_IMPLICIT_RETAIN_SELF = YES;
				CLANG_WARN_OBJC_LITERAL_CONVERSION = YES;
				CLANG_WARN_OBJC_ROOT_CLASS = YES_ERROR;
				CLANG_WARN_QUOTED_INCLUDE_IN_FRAMEWORK_HEADER = YES;
				CLANG_WARN_RANGE_LOOP_ANALYSIS = YES;
				CLANG_WARN_STRICT_PROTOTYPES = YES;
				CLANG_WARN_SUSPICIOUS_MOVE = YES;
				CLANG_WARN_UNGUARDED_AVAILABILITY = YES_AGGRESSIVE;
				CLANG_WARN_UNREACHABLE_CODE = YES;
				CLANG_WARN__DUPLICATE_METHOD_MATCH = YES;
				COPY_PHASE_STRIP = NO;
				DEBUG_INFORMATION_FORMAT = dwarf;
				ENABLE_STRICT_OBJC_MSGSEND = YES;
				ENABLE_TESTABILITY = YES;
				GCC_C_LANGUAGE_STANDARD = gnu11;
				GCC_DYNAMIC_NO_PIC = NO;
				GCC_NO_COMMON_BLOCKS = YES;
				GCC_OPTIMIZATION_LEVEL = 0;
				GCC_PREPROCESSOR_DEFINITIONS = (
					"DEBUG=1",
					"$(inherited)",
				);
				GCC_WARN_64_TO_32_BIT_CONVERSION = YES;
				GCC_WARN_ABOUT_RETURN_TYPE = YES_ERROR;
				GCC_WARN_UNDECLARED_SELECTOR = YES;
				GCC_WARN_UNINITIALIZED_AUTOS = YES_AGGRESSIVE;
				GCC_WARN_UNUSED_FUNCTION = YES;
				GCC_WARN_UNUSED_VARIABLE = YES;
				IPHONEOS_DEPLOYMENT_TARGET = 16.1;
				MTL_ENABLE_DEBUG_INFO = INCLUDE_SOURCE;
				MTL_FAST_MATH = YES;
				ONLY_ACTIVE_ARCH = YES;
				SDKROOT = iphoneos;
				SWIFT_ACTIVE_COMPILATION_CONDITIONS = DEBUG;
				SWIFT_OPTIMIZATION_LEVEL = "-Onone";
			};
			name = Debug;
		};
		52ECE977292C804400DABF7C /* Release */ = {
			isa = XCBuildConfiguration;
			buildSettings = {
				ALWAYS_SEARCH_USER_PATHS = NO;
				CLANG_ANALYZER_NONNULL = YES;
				CLANG_ANALYZER_NUMBER_OBJECT_CONVERSION = YES_AGGRESSIVE;
				CLANG_CXX_LANGUAGE_STANDARD = "gnu++20";
				CLANG_ENABLE_MODULES = YES;
				CLANG_ENABLE_OBJC_ARC = YES;
				CLANG_ENABLE_OBJC_WEAK = YES;
				CLANG_WARN_BLOCK_CAPTURE_AUTORELEASING = YES;
				CLANG_WARN_BOOL_CONVERSION = YES;
				CLANG_WARN_COMMA = YES;
				CLANG_WARN_CONSTANT_CONVERSION = YES;
				CLANG_WARN_DEPRECATED_OBJC_IMPLEMENTATIONS = YES;
				CLANG_WARN_DIRECT_OBJC_ISA_USAGE = YES_ERROR;
				CLANG_WARN_DOCUMENTATION_COMMENTS = YES;
				CLANG_WARN_EMPTY_BODY = YES;
				CLANG_WARN_ENUM_CONVERSION = YES;
				CLANG_WARN_INFINITE_RECURSION = YES;
				CLANG_WARN_INT_CONVERSION = YES;
				CLANG_WARN_NON_LITERAL_NULL_CONVERSION = YES;
				CLANG_WARN_OBJC_IMPLICIT_RETAIN_SELF = YES;
				CLANG_WARN_OBJC_LITERAL_CONVERSION = YES;
				CLANG_WARN_OBJC_ROOT_CLASS = YES_ERROR;
				CLANG_WARN_QUOTED_INCLUDE_IN_FRAMEWORK_HEADER = YES;
				CLANG_WARN_RANGE_LOOP_ANALYSIS = YES;
				CLANG_WARN_STRICT_PROTOTYPES = YES;
				CLANG_WARN_SUSPICIOUS_MOVE = YES;
				CLANG_WARN_UNGUARDED_AVAILABILITY = YES_AGGRESSIVE;
				CLANG_WARN_UNREACHABLE_CODE = YES;
				CLANG_WARN__DUPLICATE_METHOD_MATCH = YES;
				COPY_PHASE_STRIP = NO;
				DEBUG_INFORMATION_FORMAT = "dwarf-with-dsym";
				ENABLE_NS_ASSERTIONS = NO;
				ENABLE_STRICT_OBJC_MSGSEND = YES;
				GCC_C_LANGUAGE_STANDARD = gnu11;
				GCC_NO_COMMON_BLOCKS = YES;
				GCC_WARN_64_TO_32_BIT_CONVERSION = YES;
				GCC_WARN_ABOUT_RETURN_TYPE = YES_ERROR;
				GCC_WARN_UNDECLARED_SELECTOR = YES;
				GCC_WARN_UNINITIALIZED_AUTOS = YES_AGGRESSIVE;
				GCC_WARN_UNUSED_FUNCTION = YES;
				GCC_WARN_UNUSED_VARIABLE = YES;
				IPHONEOS_DEPLOYMENT_TARGET = 16.1;
				MTL_ENABLE_DEBUG_INFO = NO;
				MTL_FAST_MATH = YES;
				SDKROOT = iphoneos;
				SWIFT_COMPILATION_MODE = wholemodule;
				SWIFT_OPTIMIZATION_LEVEL = "-O";
				VALIDATE_PRODUCT = YES;
			};
			name = Release;
		};
		52ECE979292C804400DABF7C /* Debug */ = {
			isa = XCBuildConfiguration;
			buildSettings = {
				ASSETCATALOG_COMPILER_APPICON_NAME = AppIcon;
				ASSETCATALOG_COMPILER_GLOBAL_ACCENT_COLOR_NAME = AccentColor;
				CODE_SIGN_STYLE = Automatic;
				CURRENT_PROJECT_VERSION = 1;
				DEVELOPMENT_TEAM = 2DA83SZBD3;
				GENERATE_INFOPLIST_FILE = YES;
				INFOPLIST_FILE = RMApp/Info.plist;
				INFOPLIST_KEY_UIApplicationSupportsIndirectInputEvents = YES;
				INFOPLIST_KEY_UILaunchStoryboardName = LaunchScreen;
				INFOPLIST_KEY_UIMainStoryboardFile = Main;
				INFOPLIST_KEY_UISupportedInterfaceOrientations_iPad = "UIInterfaceOrientationPortrait UIInterfaceOrientationPortraitUpsideDown UIInterfaceOrientationLandscapeLeft UIInterfaceOrientationLandscapeRight";
				INFOPLIST_KEY_UISupportedInterfaceOrientations_iPhone = "UIInterfaceOrientationPortrait UIInterfaceOrientationLandscapeLeft UIInterfaceOrientationLandscapeRight";
				IPHONEOS_DEPLOYMENT_TARGET = 15.0;
				LD_RUNPATH_SEARCH_PATHS = (
					"$(inherited)",
					"@executable_path/Frameworks",
				);
				MARKETING_VERSION = 1.0;
				PRODUCT_BUNDLE_IDENTIFIER = cyb.com.RMApp;
				PRODUCT_NAME = "$(TARGET_NAME)";
				SWIFT_EMIT_LOC_STRINGS = YES;
				SWIFT_VERSION = 5.0;
				TARGETED_DEVICE_FAMILY = "1,2";
			};
			name = Debug;
		};
		52ECE97A292C804400DABF7C /* Release */ = {
			isa = XCBuildConfiguration;
			buildSettings = {
				ASSETCATALOG_COMPILER_APPICON_NAME = AppIcon;
				ASSETCATALOG_COMPILER_GLOBAL_ACCENT_COLOR_NAME = AccentColor;
				CODE_SIGN_STYLE = Automatic;
				CURRENT_PROJECT_VERSION = 1;
				DEVELOPMENT_TEAM = 2DA83SZBD3;
				GENERATE_INFOPLIST_FILE = YES;
				INFOPLIST_FILE = RMApp/Info.plist;
				INFOPLIST_KEY_UIApplicationSupportsIndirectInputEvents = YES;
				INFOPLIST_KEY_UILaunchStoryboardName = LaunchScreen;
				INFOPLIST_KEY_UIMainStoryboardFile = Main;
				INFOPLIST_KEY_UISupportedInterfaceOrientations_iPad = "UIInterfaceOrientationPortrait UIInterfaceOrientationPortraitUpsideDown UIInterfaceOrientationLandscapeLeft UIInterfaceOrientationLandscapeRight";
				INFOPLIST_KEY_UISupportedInterfaceOrientations_iPhone = "UIInterfaceOrientationPortrait UIInterfaceOrientationLandscapeLeft UIInterfaceOrientationLandscapeRight";
				IPHONEOS_DEPLOYMENT_TARGET = 15.0;
				LD_RUNPATH_SEARCH_PATHS = (
					"$(inherited)",
					"@executable_path/Frameworks",
				);
				MARKETING_VERSION = 1.0;
				PRODUCT_BUNDLE_IDENTIFIER = cyb.com.RMApp;
				PRODUCT_NAME = "$(TARGET_NAME)";
				SWIFT_EMIT_LOC_STRINGS = YES;
				SWIFT_VERSION = 5.0;
				TARGETED_DEVICE_FAMILY = "1,2";
			};
			name = Release;
		};
/* End XCBuildConfiguration section */

/* Begin XCConfigurationList section */
		52ECE95F292C804100DABF7C /* Build configuration list for PBXProject "RMApp" */ = {
			isa = XCConfigurationList;
			buildConfigurations = (
				52ECE976292C804400DABF7C /* Debug */,
				52ECE977292C804400DABF7C /* Release */,
			);
			defaultConfigurationIsVisible = 0;
			defaultConfigurationName = Release;
		};
		52ECE978292C804400DABF7C /* Build configuration list for PBXNativeTarget "RMApp" */ = {
			isa = XCConfigurationList;
			buildConfigurations = (
				52ECE979292C804400DABF7C /* Debug */,
				52ECE97A292C804400DABF7C /* Release */,
			);
			defaultConfigurationIsVisible = 0;
			defaultConfigurationName = Release;
		};
/* End XCConfigurationList section */
	};
	rootObject = 52ECE95C292C804100DABF7C /* Project object */;
}
